#MicroXplorer Configuration settings - do not modify
ADC1.Channel-0\#ChannelRegularConversion=ADC_CHANNEL_3
ADC1.IPParameters=Rank-0\#ChannelRegularConversion,master,Channel-0\#ChannelRegularConversion,SamplingTime-0\#ChannelRegularConversion,NbrOfConversionFlag
ADC1.NbrOfConversionFlag=1
ADC1.Rank-0\#ChannelRegularConversion=1
ADC1.SamplingTime-0\#ChannelRegularConversion=ADC_SAMPLETIME_3CYCLES
ADC1.master=1
CAN2.CalculateTimeQuantum=1000.0
CAN2.IPParameters=CalculateTimeQuantum
File.Version=6
GPIO.groupedBy=
KeepUserPlacement=false
Mcu.Family=STM32F4
Mcu.IP0=ADC1
Mcu.IP1=CAN2
Mcu.IP10=USART3
Mcu.IP11=USB_OTG_FS
Mcu.IP2=NVIC
Mcu.IP3=RCC
Mcu.IP4=SPI1
Mcu.IP5=SYS
Mcu.IP6=TIM4
Mcu.IP7=UART4
Mcu.IP8=UART5
Mcu.IP9=USART1
Mcu.IPNb=12
Mcu.Name=STM32F405RGTx
Mcu.Package=LQFP64
Mcu.Pin0=PC13-ANTI_TAMP
Mcu.Pin1=PC14-OSC32_IN
Mcu.Pin10=PA1
Mcu.Pin11=PA2
Mcu.Pin12=PA3
Mcu.Pin13=PA4
Mcu.Pin14=PA5
Mcu.Pin15=PA6
Mcu.Pin16=PA7
Mcu.Pin17=PC4
Mcu.Pin18=PC5
Mcu.Pin19=PB0
Mcu.Pin2=PC15-OSC32_OUT
Mcu.Pin20=PB1
Mcu.Pin21=PB10
Mcu.Pin22=PB11
Mcu.Pin23=PB12
Mcu.Pin24=PB13
Mcu.Pin25=PB14
Mcu.Pin26=PB15
Mcu.Pin27=PC6
Mcu.Pin28=PC7
Mcu.Pin29=PC8
Mcu.Pin3=PH0-OSC_IN
Mcu.Pin30=PC9
Mcu.Pin31=PA8
Mcu.Pin32=PA9
Mcu.Pin33=PA10
Mcu.Pin34=PA11
Mcu.Pin35=PA12
Mcu.Pin36=PA13
Mcu.Pin37=PA14
Mcu.Pin38=PA15
Mcu.Pin39=PC10
Mcu.Pin4=PH1-OSC_OUT
Mcu.Pin40=PC11
Mcu.Pin41=PC12
Mcu.Pin42=PD2
Mcu.Pin43=PB3
Mcu.Pin44=PB4
Mcu.Pin45=PB5
Mcu.Pin46=PB6
Mcu.Pin47=PB7
Mcu.Pin48=PB8
Mcu.Pin49=PB9
Mcu.Pin5=PC0
Mcu.Pin50=VP_SYS_VS_Systick
Mcu.Pin51=VP_TIM4_VS_ControllerModeClock
Mcu.Pin6=PC1
Mcu.Pin7=PC2
Mcu.Pin8=PC3
Mcu.Pin9=PA0-WKUP
Mcu.PinsNb=52
Mcu.ThirdPartyNb=0
Mcu.UserConstants=
Mcu.UserName=STM32F405RGTx
MxCube.Version=5.5.0
MxDb.Version=DB.5.0.50
NVIC.BusFault_IRQn=true\:0\:0\:false\:false\:true\:false\:false
NVIC.DebugMonitor_IRQn=true\:0\:0\:false\:false\:true\:false\:false
NVIC.ForceEnableDMAVector=true
NVIC.HardFault_IRQn=true\:0\:0\:false\:false\:true\:false\:false
NVIC.MemoryManagement_IRQn=true\:0\:0\:false\:false\:true\:false\:false
NVIC.NonMaskableInt_IRQn=true\:0\:0\:false\:false\:true\:false\:false
NVIC.PendSV_IRQn=true\:0\:0\:false\:false\:true\:false\:false
NVIC.PriorityGroup=NVIC_PRIORITYGROUP_4
NVIC.SVCall_IRQn=true\:0\:0\:false\:false\:true\:false\:false
NVIC.SysTick_IRQn=true\:0\:0\:false\:false\:true\:false\:true
NVIC.UsageFault_IRQn=true\:0\:0\:false\:false\:true\:false\:false
PA0-WKUP.Locked=true
PA0-WKUP.Mode=Asynchronous
PA0-WKUP.Signal=UART4_TX
PA1.Locked=true
PA1.Mode=Asynchronous
PA1.Signal=UART4_RX
PA10.Locked=true
PA10.Mode=Asynchronous
PA10.Signal=USART1_RX
PA11.Mode=Host_Only
PA11.Signal=USB_OTG_FS_DM
PA12.Mode=Host_Only
PA12.Signal=USB_OTG_FS_DP
PA13.Mode=JTAG_5_pins
PA13.Signal=SYS_JTMS-SWDIO
PA14.Mode=JTAG_5_pins
PA14.Signal=SYS_JTCK-SWCLK
PA15.Mode=JTAG_5_pins
PA15.Signal=SYS_JTDI
PA2.GPIOParameters=GPIO_Label
PA2.GPIO_Label=LED1(PA2)
PA2.Locked=true
PA2.Signal=GPIO_Output
PA3.GPIOParameters=GPIO_Label
PA3.GPIO_Label=BUTTON_AD(PA3)
PA3.Locked=true
PA3.Signal=ADCx_IN3
PA4.GPIOParameters=GPIO_Label
PA4.GPIO_Label=OLED_DC(PA4)
PA4.Locked=true
PA4.Signal=GPIO_Output
PA5.GPIOParameters=GPIO_Label
PA5.GPIO_Label=OLED_CLK(PA5)
PA5.Locked=true
PA5.Mode=TX_Only_Simplex_Unidirect_Master
PA5.Signal=SPI1_SCK
PA6.GPIOParameters=GPIO_Label
PA6.GPIO_Label=OLED_RST(PA6)
PA6.Locked=true
PA6.Signal=GPIO_Output
PA7.GPIOParameters=GPIO_Label
PA7.GPIO_Label=OLED_MOSI(PA7)
PA7.Locked=true
PA7.Mode=TX_Only_Simplex_Unidirect_Master
PA7.Signal=SPI1_MOSI
PA8.GPIOParameters=GPIO_Label
PA8.GPIO_Label=KEY_POS11
PA8.Locked=true
PA8.Signal=GPIO_Output
PA9.Mode=Asynchronous
PA9.Signal=USART1_TX
PB0.GPIOParameters=GPIO_Label
PB0.GPIO_Label=LED2(PB0)
PB0.Locked=true
PB0.Signal=GPIO_Output
PB1.GPIOParameters=GPIO_Label
PB1.GPIO_Label=KEY_SEG1
PB1.Locked=true
PB1.Signal=GPIO_Output
PB10.GPIOParameters=GPIO_Label
PB10.GPIO_Label=KEY_SEG2
PB10.Locked=true
PB10.Signal=GPIO_Output
PB11.GPIOParameters=GPIO_Label
PB11.GPIO_Label=KEY_SEG3
PB11.Locked=true
PB11.Signal=GPIO_Output
PB12.GPIOParameters=GPIO_Label
PB12.GPIO_Label=KEY_SEG4
PB12.Locked=true
PB12.Signal=GPIO_Output
PB13.GPIOParameters=GPIO_Label
PB13.GPIO_Label=KEY_SEG5
PB13.Locked=true
PB13.Signal=GPIO_Output
PB14.GPIOParameters=GPIO_Label
PB14.GPIO_Label=KEY_SEG6
PB14.Locked=true
PB14.Signal=GPIO_Output
PB15.GPIOParameters=GPIO_Label
PB15.GPIO_Label=KEY_SEG7
PB15.Locked=true
PB15.Signal=GPIO_Output
PB3.Mode=JTAG_5_pins
PB3.Signal=SYS_JTDO-SWO
PB4.Mode=JTAG_5_pins
PB4.Signal=SYS_JTRST
PB5.GPIOParameters=GPIO_Label
PB5.GPIO_Label=CAN2_RX(PB5)
PB5.Mode=Slave
PB5.Signal=CAN2_RX
PB6.GPIOParameters=GPIO_Label
PB6.GPIO_Label=CAN2_TX(PB6)
PB6.Locked=true
PB6.Mode=Slave
PB6.Signal=CAN2_TX
PB7.GPIOParameters=GPIO_Label
PB7.GPIO_Label=DIN_3V3_1(PB7)
PB7.Locked=true
PB7.Signal=S_TIM4_CH2
PB8.GPIOParameters=GPIO_Label
PB8.GPIO_Label=DIN_3V3_2(PB8)
PB8.Locked=true
PB8.Signal=S_TIM4_CH3
PB9.GPIOParameters=GPIO_Label
PB9.GPIO_Label=DIN_3V3_3(PB9)
PB9.Locked=true
PB9.Signal=S_TIM4_CH4
PC0.GPIOParameters=GPIO_Label
PC0.GPIO_Label=KEY_POS1
PC0.Locked=true
PC0.Signal=GPIO_Input
PC1.GPIOParameters=GPIO_Label
PC1.GPIO_Label=KEY_POS2
PC1.Locked=true
PC1.Signal=GPIO_Input
PC10.Locked=true
PC10.Mode=Asynchronous
PC10.Signal=USART3_TX
PC11.Locked=true
PC11.Mode=Asynchronous
PC11.Signal=USART3_RX
PC12.Mode=Asynchronous
PC12.Signal=UART5_TX
PC13-ANTI_TAMP.GPIOParameters=GPIO_Label
PC13-ANTI_TAMP.GPIO_Label=KEY_POS12
PC13-ANTI_TAMP.Locked=true
PC13-ANTI_TAMP.Signal=GPIO_Output
PC14-OSC32_IN.GPIOParameters=GPIO_Label
PC14-OSC32_IN.GPIO_Label=KEY_POS13
PC14-OSC32_IN.Locked=true
PC14-OSC32_IN.Signal=GPIO_Output
PC15-OSC32_OUT.GPIOParameters=GPIO_Label
PC15-OSC32_OUT.GPIO_Label=KEY_POS14
PC15-OSC32_OUT.Locked=true
PC15-OSC32_OUT.Signal=GPIO_Output
PC2.GPIOParameters=GPIO_Label
PC2.GPIO_Label=KEY_POS3
PC2.Locked=true
PC2.Signal=GPIO_Input
PC3.GPIOParameters=GPIO_Label
PC3.GPIO_Label=KEY_POS4
PC3.Locked=true
PC3.Signal=GPIO_Input
PC4.GPIOParameters=GPIO_Label
PC4.GPIO_Label=KEY_POS5
PC4.Locked=true
PC4.Signal=GPIO_Input
PC5.GPIOParameters=GPIO_Label
PC5.GPIO_Label=KEY_POS6
PC5.Locked=true
PC5.Signal=GPIO_Input
PC6.GPIOParameters=GPIO_Label
PC6.GPIO_Label=KEY_POS7
PC6.Locked=true
PC6.Signal=GPIO_Input
PC7.GPIOParameters=GPIO_Label
PC7.GPIO_Label=KEY_POS8
PC7.Locked=true
PC7.Signal=GPIO_Input
PC8.GPIOParameters=GPIO_Label
PC8.GPIO_Label=KEY_POS9
PC8.Locked=true
PC8.Signal=GPIO_Input
PC9.GPIOParameters=GPIO_Label
PC9.GPIO_Label=KEY_POS10
PC9.Locked=true
PC9.Signal=GPIO_Input
PCC.Checker=false
PCC.Line=STM32F405/415
PCC.MCU=STM32F405RGTx
PCC.PartNumber=STM32F405RGTx
PCC.Seq0=0
PCC.Series=STM32F4
PCC.Temperature=25
PCC.Vdd=3.3
PD2.Mode=Asynchronous
PD2.Signal=UART5_RX
PH0-OSC_IN.Mode=HSE-External-Oscillator
PH0-OSC_IN.Signal=RCC_OSC_IN
PH1-OSC_OUT.Mode=HSE-External-Oscillator
PH1-OSC_OUT.Signal=RCC_OSC_OUT
PinOutPanel.RotationAngle=0
ProjectManager.AskForMigrate=true
ProjectManager.BackupPrevious=false
ProjectManager.CompilerOptimize=6
ProjectManager.ComputerToolchain=false
ProjectManager.CoupleFile=false
ProjectManager.CustomerFirmwarePackage=
ProjectManager.DefaultFWLocation=true
ProjectManager.DeletePrevious=true
ProjectManager.DeviceId=STM32F405RGTx
ProjectManager.FirmwarePackage=STM32Cube FW_F4 V1.24.2
ProjectManager.FreePins=false
ProjectManager.HalAssertFull=false
ProjectManager.HeapSize=0x200
ProjectManager.KeepUserCode=true
ProjectManager.LastFirmware=true
ProjectManager.LibraryCopy=0
ProjectManager.MainLocation=Src
ProjectManager.NoMain=false
ProjectManager.PreviousToolchain=
ProjectManager.ProjectBuild=false
ProjectManager.ProjectFileName=Cube_MX.ioc
ProjectManager.ProjectName=Cube_MX
ProjectManager.StackSize=0x400
ProjectManager.TargetToolchain=EWARM V8.32
ProjectManager.ToolChainLocation=
ProjectManager.UnderRoot=false
ProjectManager.functionlistsort=
RCC.AHBFreq_Value=16000000
RCC.APB1Freq_Value=16000000
RCC.APB2Freq_Value=16000000
RCC.CortexFreq_Value=16000000
RCC.FamilyName=M
RCC.HSE_VALUE=25000000
RCC.HSI_VALUE=16000000
RCC.I2SClocksFreq_Value=96000000
RCC.IPParameters=AHBFreq_Value,APB1Freq_Value,APB2Freq_Value,CortexFreq_Value,FamilyName,HSE_VALUE,HSI_VALUE,I2SClocksFreq_Value,LSI_VALUE,PLLCLKFreq_Value,PLLQCLKFreq_Value,PLLSourceVirtualString,RTCFreq_Value,RTCHSEDivFreq_Value,SYSCLKFreq_VALUE,VCOI2SOutputFreq_Value,VCOInputFreq_Value,VCOOutputFreq_Value,VcooutputI2S
RCC.LSI_VALUE=32000
RCC.PLLCLKFreq_Value=96000000
RCC.PLLQCLKFreq_Value=48000000
RCC.PLLSourceVirtualString=RCC_PLLSOURCE_HSI
RCC.RTCFreq_Value=32000
RCC.RTCHSEDivFreq_Value=12500000
RCC.SYSCLKFreq_VALUE=16000000
RCC.VCOI2SOutputFreq_Value=192000000
RCC.VCOInputFreq_Value=1000000
RCC.VCOOutputFreq_Value=192000000
RCC.VcooutputI2S=96000000
SH.ADCx_IN3.0=ADC1_IN3,IN3
SH.ADCx_IN3.ConfNb=1
SH.S_TIM4_CH2.0=TIM4_CH2,PWM Generation2 CH2
SH.S_TIM4_CH2.ConfNb=1
SH.S_TIM4_CH3.0=TIM4_CH3,PWM Generation3 CH3
SH.S_TIM4_CH3.ConfNb=1
SH.S_TIM4_CH4.0=TIM4_CH4,PWM Generation4 CH4
SH.S_TIM4_CH4.ConfNb=1
SPI1.CalculateBaudRate=8.0 MBits/s
SPI1.Direction=SPI_DIRECTION_2LINES
SPI1.IPParameters=VirtualType,Mode,Direction,CalculateBaudRate
SPI1.Mode=SPI_MODE_MASTER
SPI1.VirtualType=VM_MASTER
UART4.IPParameters=VirtualMode
UART4.VirtualMode=Asynchronous
UART5.IPParameters=VirtualMode
UART5.VirtualMode=Asynchronous
USART1.IPParameters=VirtualMode
USART1.VirtualMode=VM_ASYNC
USART3.IPParameters=VirtualMode
USART3.VirtualMode=VM_ASYNC
USB_OTG_FS.IPParameters=VirtualMode,phy_itface
USB_OTG_FS.VirtualMode=Host_Only
USB_OTG_FS.phy_itface=HCD_PHY_EMBEDDED
VP_SYS_VS_Systick.Mode=SysTick
VP_SYS_VS_Systick.Signal=SYS_VS_Systick
VP_TIM4_VS_ControllerModeClock.Mode=Clock Mode
VP_TIM4_VS_ControllerModeClock.Signal=TIM4_VS_ControllerModeClock
board=custom
